
Microsoft Visual Studio Solution File, Format Version 12.00
# Visual Studio Version 16
VisualStudioVersion = 16.0.29728.190
MinimumVisualStudioVersion = 10.0.40219.1
Project("{9A19103F-16F7-4668-BE54-9A1E7A4F7556}") = "Fiskinfo.Fangstanalyse.API", "SRC\Fiskinfo.Fangstanalyse.API\Fiskinfo.Fangstanalyse.API.csproj", "{BF611862-4BC1-4F1E-BB69-1F7635BE9096}"
EndProject
Project("{2150E333-8FDC-42A3-9474-1A3956D46DE8}") = "SRC", "SRC", "{AEEB9929-D57C-4863-97B7-BD3B7068F9C2}"
EndProject
Project("{2150E333-8FDC-42A3-9474-1A3956D46DE8}") = "DOC", "DOC", "{86EDE9DC-084B-4AA0-AB79-03D3E03821FA}"
EndProject
Project("{2150E333-8FDC-42A3-9474-1A3956D46DE8}") = "TESTS", "TESTS", "{9C3BA28F-E2CD-4A57-A229-28655A079C16}"
EndProject
Project("{9A19103F-16F7-4668-BE54-9A1E7A4F7556}") = "Fiskinfo.Fangstanalyse.Infrastructure", "SRC\Fiskinfo.Fangstanalyse.Infrastructure\Fiskinfo.Fangstanalyse.Infrastructure.csproj", "{1DD1029E-84E2-451C-8B99-F5F56A0DDCFD}"
EndProject
Project("{9A19103F-16F7-4668-BE54-9A1E7A4F7556}") = "Fiskinfo.Fangstanalyse.WebApp", "SRC\Fiskinfo.Fangstanalyse.WebApp\Fiskinfo.Fangstanalyse.WebApp.csproj", "{2343BFF7-9899-43A3-AB42-8907BD8BBBC3}"
EndProject
Project("{E53339B2-1760-4266-BCC7-CA923CBCF16C}") = "docker-compose", "docker-compose.dcproj", "{85CAC791-E5D2-496A-BBDF-E0B9C21EFA36}"
EndProject
Global
	GlobalSection(SolutionConfigurationPlatforms) = preSolution
		Debug|Any CPU = Debug|Any CPU
		Release|Any CPU = Release|Any CPU
	EndGlobalSection
	GlobalSection(ProjectConfigurationPlatforms) = postSolution
		{BF611862-4BC1-4F1E-BB69-1F7635BE9096}.Debug|Any CPU.ActiveCfg = Debug|Any CPU
		{BF611862-4BC1-4F1E-BB69-1F7635BE9096}.Debug|Any CPU.Build.0 = Debug|Any CPU
		{BF611862-4BC1-4F1E-BB69-1F7635BE9096}.Release|Any CPU.ActiveCfg = Release|Any CPU
		{BF611862-4BC1-4F1E-BB69-1F7635BE9096}.Release|Any CPU.Build.0 = Release|Any CPU
		{1DD1029E-84E2-451C-8B99-F5F56A0DDCFD}.Debug|Any CPU.ActiveCfg = Debug|Any CPU
		{1DD1029E-84E2-451C-8B99-F5F56A0DDCFD}.Debug|Any CPU.Build.0 = Debug|Any CPU
		{1DD1029E-84E2-451C-8B99-F5F56A0DDCFD}.Release|Any CPU.ActiveCfg = Release|Any CPU
		{1DD1029E-84E2-451C-8B99-F5F56A0DDCFD}.Release|Any CPU.Build.0 = Release|Any CPU
		{2343BFF7-9899-43A3-AB42-8907BD8BBBC3}.Debug|Any CPU.ActiveCfg = Debug|Any CPU
		{2343BFF7-9899-43A3-AB42-8907BD8BBBC3}.Debug|Any CPU.Build.0 = Debug|Any CPU
		{2343BFF7-9899-43A3-AB42-8907BD8BBBC3}.Release|Any CPU.ActiveCfg = Release|Any CPU
		{2343BFF7-9899-43A3-AB42-8907BD8BBBC3}.Release|Any CPU.Build.0 = Release|Any CPU
		{85CAC791-E5D2-496A-BBDF-E0B9C21EFA36}.Debug|Any CPU.ActiveCfg = Debug|Any CPU
		{85CAC791-E5D2-496A-BBDF-E0B9C21EFA36}.Debug|Any CPU.Build.0 = Debug|Any CPU
		{85CAC791-E5D2-496A-BBDF-E0B9C21EFA36}.Release|Any CPU.ActiveCfg = Release|Any CPU
		{85CAC791-E5D2-496A-BBDF-E0B9C21EFA36}.Release|Any CPU.Build.0 = Release|Any CPU
	EndGlobalSection
	GlobalSection(SolutionProperties) = preSolution
		HideSolutionNode = FALSE
	EndGlobalSection
	GlobalSection(NestedProjects) = preSolution
		{BF611862-4BC1-4F1E-BB69-1F7635BE9096} = {AEEB9929-D57C-4863-97B7-BD3B7068F9C2}
		{1DD1029E-84E2-451C-8B99-F5F56A0DDCFD} = {AEEB9929-D57C-4863-97B7-BD3B7068F9C2}
		{2343BFF7-9899-43A3-AB42-8907BD8BBBC3} = {AEEB9929-D57C-4863-97B7-BD3B7068F9C2}
	EndGlobalSection
	GlobalSection(ExtensibilityGlobals) = postSolution
		SolutionGuid = {EEBFC24E-760D-43FC-92EF-C1FB25742847}
	EndGlobalSection
EndGlobal
